
Microsoft Visual Studio Solution File, Format Version 12.00
# Visual Studio Version 16
VisualStudioVersion = 16.0.32413.511
MinimumVisualStudioVersion = 10.0.40219.1
Project("{FAE04EC0-301F-11D3-BF4B-00C04F79EFBC}") = "ChainedEventHandlersExample", "ChainedEventHandlersExample\ChainedEventHandlersExample.csproj", "{D041C5EC-4A4E-4165-9A31-820285CA5BF5}"
EndProject
Global
	GlobalSection(SolutionConfigurationPlatforms) = preSolution
		Debug|Any CPU = Debug|Any CPU
		Release|Any CPU = Release|Any CPU
	EndGlobalSection
	GlobalSection(ProjectConfigurationPlatforms) = postSolution
		{D041C5EC-4A4E-4165-9A31-820285CA5BF5}.Debug|Any CPU.ActiveCfg = Debug|Any CPU
		{D041C5EC-4A4E-4165-9A31-820285CA5BF5}.Debug|Any CPU.Build.0 = Debug|Any CPU
		{D041C5EC-4A4E-4165-9A31-820285CA5BF5}.Release|Any CPU.ActiveCfg = Release|Any CPU
		{D041C5EC-4A4E-4165-9A31-820285CA5BF5}.Release|Any CPU.Build.0 = Release|Any CPU
	EndGlobalSection
	GlobalSection(SolutionProperties) = preSolution
		HideSolutionNode = FALSE
	EndGlobalSection
	GlobalSection(ExtensibilityGlobals) = postSolution
		SolutionGuid = {F8F09F1E-44A9-40B7-A9BE-A17E496AD46B}
	EndGlobalSection
EndGlobal
