
Microsoft Visual Studio Solution File, Format Version 12.00
# Visual Studio Version 16
VisualStudioVersion = 16.0.32413.511
MinimumVisualStudioVersion = 10.0.40219.1
Project("{FAE04EC0-301F-11D3-BF4B-00C04F79EFBC}") = "HideAndSeek", "HideAndSeek\HideAndSeek.csproj", "{3C4D790A-2F7F-474E-94A6-C1BF4AE97520}"
EndProject
Project("{FAE04EC0-301F-11D3-BF4B-00C04F79EFBC}") = "HideAndSeekTests", "HideAndSeekTests\HideAndSeekTests.csproj", "{324A294D-A6F3-41B0-97C9-52D11FECA2CA}"
EndProject
Global
	GlobalSection(SolutionConfigurationPlatforms) = preSolution
		Debug|Any CPU = Debug|Any CPU
		Release|Any CPU = Release|Any CPU
	EndGlobalSection
	GlobalSection(ProjectConfigurationPlatforms) = postSolution
		{3C4D790A-2F7F-474E-94A6-C1BF4AE97520}.Debug|Any CPU.ActiveCfg = Debug|Any CPU
		{3C4D790A-2F7F-474E-94A6-C1BF4AE97520}.Debug|Any CPU.Build.0 = Debug|Any CPU
		{3C4D790A-2F7F-474E-94A6-C1BF4AE97520}.Release|Any CPU.ActiveCfg = Release|Any CPU
		{3C4D790A-2F7F-474E-94A6-C1BF4AE97520}.Release|Any CPU.Build.0 = Release|Any CPU
		{324A294D-A6F3-41B0-97C9-52D11FECA2CA}.Debug|Any CPU.ActiveCfg = Debug|Any CPU
		{324A294D-A6F3-41B0-97C9-52D11FECA2CA}.Debug|Any CPU.Build.0 = Debug|Any CPU
		{324A294D-A6F3-41B0-97C9-52D11FECA2CA}.Release|Any CPU.ActiveCfg = Release|Any CPU
		{324A294D-A6F3-41B0-97C9-52D11FECA2CA}.Release|Any CPU.Build.0 = Release|Any CPU
	EndGlobalSection
	GlobalSection(SolutionProperties) = preSolution
		HideSolutionNode = FALSE
	EndGlobalSection
	GlobalSection(ExtensibilityGlobals) = postSolution
		SolutionGuid = {AE508FA0-660C-429B-8AB8-D29755E5CE51}
	EndGlobalSection
EndGlobal
