
Microsoft Visual Studio Solution File, Format Version 12.00
# Visual Studio Version 16
VisualStudioVersion = 16.0.32413.511
MinimumVisualStudioVersion = 10.0.40219.1
Project("{FAE04EC0-301F-11D3-BF4B-00C04F79EFBC}") = "OutModifierExaple", "OutModifierExaple\OutModifierExaple.csproj", "{EDE11967-B1B5-4A39-B7DA-77422754CADF}"
EndProject
Global
	GlobalSection(SolutionConfigurationPlatforms) = preSolution
		Debug|Any CPU = Debug|Any CPU
		Release|Any CPU = Release|Any CPU
	EndGlobalSection
	GlobalSection(ProjectConfigurationPlatforms) = postSolution
		{EDE11967-B1B5-4A39-B7DA-77422754CADF}.Debug|Any CPU.ActiveCfg = Debug|Any CPU
		{EDE11967-B1B5-4A39-B7DA-77422754CADF}.Debug|Any CPU.Build.0 = Debug|Any CPU
		{EDE11967-B1B5-4A39-B7DA-77422754CADF}.Release|Any CPU.ActiveCfg = Release|Any CPU
		{EDE11967-B1B5-4A39-B7DA-77422754CADF}.Release|Any CPU.Build.0 = Release|Any CPU
	EndGlobalSection
	GlobalSection(SolutionProperties) = preSolution
		HideSolutionNode = FALSE
	EndGlobalSection
	GlobalSection(ExtensibilityGlobals) = postSolution
		SolutionGuid = {40864783-B14E-4B03-BFC6-1632A76CDF13}
	EndGlobalSection
EndGlobal
