
Microsoft Visual Studio Solution File, Format Version 12.00
# Visual Studio Version 16
VisualStudioVersion = 16.0.32413.511
MinimumVisualStudioVersion = 10.0.40219.1
Project("{FAE04EC0-301F-11D3-BF4B-00C04F79EFBC}") = "ChainedLinqQueries", "ChainedLinqQueries.csproj", "{AC15E6B3-3CC7-47F5-9AEA-E8AB7E416C25}"
EndProject
Global
	GlobalSection(SolutionConfigurationPlatforms) = preSolution
		Debug|Any CPU = Debug|Any CPU
		Release|Any CPU = Release|Any CPU
	EndGlobalSection
	GlobalSection(ProjectConfigurationPlatforms) = postSolution
		{AC15E6B3-3CC7-47F5-9AEA-E8AB7E416C25}.Debug|Any CPU.ActiveCfg = Debug|Any CPU
		{AC15E6B3-3CC7-47F5-9AEA-E8AB7E416C25}.Debug|Any CPU.Build.0 = Debug|Any CPU
		{AC15E6B3-3CC7-47F5-9AEA-E8AB7E416C25}.Release|Any CPU.ActiveCfg = Release|Any CPU
		{AC15E6B3-3CC7-47F5-9AEA-E8AB7E416C25}.Release|Any CPU.Build.0 = Release|Any CPU
	EndGlobalSection
	GlobalSection(SolutionProperties) = preSolution
		HideSolutionNode = FALSE
	EndGlobalSection
	GlobalSection(ExtensibilityGlobals) = postSolution
		SolutionGuid = {EEC64819-FE00-4248-A92F-BCF821CDEA46}
	EndGlobalSection
EndGlobal
