
Microsoft Visual Studio Solution File, Format Version 12.00
# Visual Studio Version 16
VisualStudioVersion = 16.0.32413.511
MinimumVisualStudioVersion = 10.0.40219.1
Project("{FAE04EC0-301F-11D3-BF4B-00C04F79EFBC}") = "ExploreRoutedEvents", "ExploreRoutedEvents\ExploreRoutedEvents.csproj", "{FF1966FB-EC12-449B-A576-77A16A5F27C3}"
EndProject
Global
	GlobalSection(SolutionConfigurationPlatforms) = preSolution
		Debug|Any CPU = Debug|Any CPU
		Release|Any CPU = Release|Any CPU
	EndGlobalSection
	GlobalSection(ProjectConfigurationPlatforms) = postSolution
		{FF1966FB-EC12-449B-A576-77A16A5F27C3}.Debug|Any CPU.ActiveCfg = Debug|Any CPU
		{FF1966FB-EC12-449B-A576-77A16A5F27C3}.Debug|Any CPU.Build.0 = Debug|Any CPU
		{FF1966FB-EC12-449B-A576-77A16A5F27C3}.Release|Any CPU.ActiveCfg = Release|Any CPU
		{FF1966FB-EC12-449B-A576-77A16A5F27C3}.Release|Any CPU.Build.0 = Release|Any CPU
	EndGlobalSection
	GlobalSection(SolutionProperties) = preSolution
		HideSolutionNode = FALSE
	EndGlobalSection
	GlobalSection(ExtensibilityGlobals) = postSolution
		SolutionGuid = {62E6B957-2400-4200-BEBA-7C03A3EC312E}
	EndGlobalSection
EndGlobal
