
Microsoft Visual Studio Solution File, Format Version 12.00
# Visual Studio Version 16
VisualStudioVersion = 16.0.32413.511
MinimumVisualStudioVersion = 10.0.40219.1
Project("{FAE04EC0-301F-11D3-BF4B-00C04F79EFBC}") = "OptiionalParametersExample", "OptiionalParametersExample\OptiionalParametersExample.csproj", "{0A797F4C-88C1-4108-AF38-DFB4C70E91C0}"
EndProject
Global
	GlobalSection(SolutionConfigurationPlatforms) = preSolution
		Debug|Any CPU = Debug|Any CPU
		Release|Any CPU = Release|Any CPU
	EndGlobalSection
	GlobalSection(ProjectConfigurationPlatforms) = postSolution
		{0A797F4C-88C1-4108-AF38-DFB4C70E91C0}.Debug|Any CPU.ActiveCfg = Debug|Any CPU
		{0A797F4C-88C1-4108-AF38-DFB4C70E91C0}.Debug|Any CPU.Build.0 = Debug|Any CPU
		{0A797F4C-88C1-4108-AF38-DFB4C70E91C0}.Release|Any CPU.ActiveCfg = Release|Any CPU
		{0A797F4C-88C1-4108-AF38-DFB4C70E91C0}.Release|Any CPU.Build.0 = Release|Any CPU
	EndGlobalSection
	GlobalSection(SolutionProperties) = preSolution
		HideSolutionNode = FALSE
	EndGlobalSection
	GlobalSection(ExtensibilityGlobals) = postSolution
		SolutionGuid = {E61E6DFD-CE6E-4AF1-A9B5-D00FDFA34CA3}
	EndGlobalSection
EndGlobal
