
Microsoft Visual Studio Solution File, Format Version 12.00
# Visual Studio Version 16
VisualStudioVersion = 16.0.32413.511
MinimumVisualStudioVersion = 10.0.40219.1
Project("{FAE04EC0-301F-11D3-BF4B-00C04F79EFBC}") = "GoFish", "GoFish\GoFish.csproj", "{926562CC-E53D-47DE-AF9D-7F2BFEC5BDAA}"
EndProject
Project("{FAE04EC0-301F-11D3-BF4B-00C04F79EFBC}") = "GoFishTests", "GoFishTests\GoFishTests.csproj", "{6CA37663-45DC-4AC2-A753-1AA6347B056C}"
EndProject
Global
	GlobalSection(SolutionConfigurationPlatforms) = preSolution
		Debug|Any CPU = Debug|Any CPU
		Release|Any CPU = Release|Any CPU
	EndGlobalSection
	GlobalSection(ProjectConfigurationPlatforms) = postSolution
		{926562CC-E53D-47DE-AF9D-7F2BFEC5BDAA}.Debug|Any CPU.ActiveCfg = Debug|Any CPU
		{926562CC-E53D-47DE-AF9D-7F2BFEC5BDAA}.Debug|Any CPU.Build.0 = Debug|Any CPU
		{926562CC-E53D-47DE-AF9D-7F2BFEC5BDAA}.Release|Any CPU.ActiveCfg = Release|Any CPU
		{926562CC-E53D-47DE-AF9D-7F2BFEC5BDAA}.Release|Any CPU.Build.0 = Release|Any CPU
		{6CA37663-45DC-4AC2-A753-1AA6347B056C}.Debug|Any CPU.ActiveCfg = Debug|Any CPU
		{6CA37663-45DC-4AC2-A753-1AA6347B056C}.Debug|Any CPU.Build.0 = Debug|Any CPU
		{6CA37663-45DC-4AC2-A753-1AA6347B056C}.Release|Any CPU.ActiveCfg = Release|Any CPU
		{6CA37663-45DC-4AC2-A753-1AA6347B056C}.Release|Any CPU.Build.0 = Release|Any CPU
	EndGlobalSection
	GlobalSection(SolutionProperties) = preSolution
		HideSolutionNode = FALSE
	EndGlobalSection
	GlobalSection(ExtensibilityGlobals) = postSolution
		SolutionGuid = {FFFC20E6-A5C0-4E24-941B-5AAAA631C645}
	EndGlobalSection
EndGlobal
