
Microsoft Visual Studio Solution File, Format Version 12.00
# Visual Studio Version 16
VisualStudioVersion = 16.0.32228.343
MinimumVisualStudioVersion = 10.0.40219.1
Project("{FAE04EC0-301F-11D3-BF4B-00C04F79EFBC}") = "AbilityScoreTester", "AbilityScoreTester.csproj", "{7E55CC17-2C5C-4FC3-A137-A875C51A8A88}"
EndProject
Global
	GlobalSection(SolutionConfigurationPlatforms) = preSolution
		Debug|Any CPU = Debug|Any CPU
		Release|Any CPU = Release|Any CPU
	EndGlobalSection
	GlobalSection(ProjectConfigurationPlatforms) = postSolution
		{7E55CC17-2C5C-4FC3-A137-A875C51A8A88}.Debug|Any CPU.ActiveCfg = Debug|Any CPU
		{7E55CC17-2C5C-4FC3-A137-A875C51A8A88}.Debug|Any CPU.Build.0 = Debug|Any CPU
		{7E55CC17-2C5C-4FC3-A137-A875C51A8A88}.Release|Any CPU.ActiveCfg = Release|Any CPU
		{7E55CC17-2C5C-4FC3-A137-A875C51A8A88}.Release|Any CPU.Build.0 = Release|Any CPU
	EndGlobalSection
	GlobalSection(SolutionProperties) = preSolution
		HideSolutionNode = FALSE
	EndGlobalSection
	GlobalSection(ExtensibilityGlobals) = postSolution
		SolutionGuid = {6D261789-5832-44D5-B803-56E4A272CA52}
	EndGlobalSection
EndGlobal
