
Microsoft Visual Studio Solution File, Format Version 12.00
# Visual Studio Version 16
VisualStudioVersion = 16.0.32413.511
MinimumVisualStudioVersion = 10.0.40219.1
Project("{FAE04EC0-301F-11D3-BF4B-00C04F79EFBC}") = "ReadingAndWritingDeckFiles", "ReadingAndWritingDeckFiles\ReadingAndWritingDeckFiles.csproj", "{C2CED937-788D-4A54-A59B-884977C60810}"
EndProject
Global
	GlobalSection(SolutionConfigurationPlatforms) = preSolution
		Debug|Any CPU = Debug|Any CPU
		Release|Any CPU = Release|Any CPU
	EndGlobalSection
	GlobalSection(ProjectConfigurationPlatforms) = postSolution
		{C2CED937-788D-4A54-A59B-884977C60810}.Debug|Any CPU.ActiveCfg = Debug|Any CPU
		{C2CED937-788D-4A54-A59B-884977C60810}.Debug|Any CPU.Build.0 = Debug|Any CPU
		{C2CED937-788D-4A54-A59B-884977C60810}.Release|Any CPU.ActiveCfg = Release|Any CPU
		{C2CED937-788D-4A54-A59B-884977C60810}.Release|Any CPU.Build.0 = Release|Any CPU
	EndGlobalSection
	GlobalSection(SolutionProperties) = preSolution
		HideSolutionNode = FALSE
	EndGlobalSection
	GlobalSection(ExtensibilityGlobals) = postSolution
		SolutionGuid = {8A689C4A-050F-44B4-B7DA-8CC855883340}
	EndGlobalSection
EndGlobal
