
Microsoft Visual Studio Solution File, Format Version 12.00
# Visual Studio Version 16
VisualStudioVersion = 16.0.32413.511
MinimumVisualStudioVersion = 10.0.40219.1
Project("{FAE04EC0-301F-11D3-BF4B-00C04F79EFBC}") = "MaximumPowerOfTwo", "MaximumPowerOfTwo\MaximumPowerOfTwo.csproj", "{BF8222AB-CEB9-4BF4-BF13-E2E49D243EB0}"
EndProject
Global
	GlobalSection(SolutionConfigurationPlatforms) = preSolution
		Debug|Any CPU = Debug|Any CPU
		Release|Any CPU = Release|Any CPU
	EndGlobalSection
	GlobalSection(ProjectConfigurationPlatforms) = postSolution
		{BF8222AB-CEB9-4BF4-BF13-E2E49D243EB0}.Debug|Any CPU.ActiveCfg = Debug|Any CPU
		{BF8222AB-CEB9-4BF4-BF13-E2E49D243EB0}.Debug|Any CPU.Build.0 = Debug|Any CPU
		{BF8222AB-CEB9-4BF4-BF13-E2E49D243EB0}.Release|Any CPU.ActiveCfg = Release|Any CPU
		{BF8222AB-CEB9-4BF4-BF13-E2E49D243EB0}.Release|Any CPU.Build.0 = Release|Any CPU
	EndGlobalSection
	GlobalSection(SolutionProperties) = preSolution
		HideSolutionNode = FALSE
	EndGlobalSection
	GlobalSection(ExtensibilityGlobals) = postSolution
		SolutionGuid = {E83387C6-0A14-4246-8362-2332445C08F0}
	EndGlobalSection
EndGlobal
