
Microsoft Visual Studio Solution File, Format Version 12.00
# Visual Studio Version 16
VisualStudioVersion = 16.0.32413.511
MinimumVisualStudioVersion = 10.0.40219.1
Project("{9A19103F-16F7-4668-BE54-9A1E7A4F7556}") = "JimmyLinq", "JimmyLinq\JimmyLinq.csproj", "{3CECC6DC-03A1-43E1-B42A-AD86F4BCB17B}"
EndProject
Project("{9A19103F-16F7-4668-BE54-9A1E7A4F7556}") = "JimmyLinqUnitTests", "JimmyLinqUnitTests\JimmyLinqUnitTests.csproj", "{EFB953AC-C0D3-428A-B68A-9E9A11B58DD3}"
EndProject
Global
	GlobalSection(SolutionConfigurationPlatforms) = preSolution
		Debug|Any CPU = Debug|Any CPU
		Release|Any CPU = Release|Any CPU
	EndGlobalSection
	GlobalSection(ProjectConfigurationPlatforms) = postSolution
		{3CECC6DC-03A1-43E1-B42A-AD86F4BCB17B}.Debug|Any CPU.ActiveCfg = Debug|Any CPU
		{3CECC6DC-03A1-43E1-B42A-AD86F4BCB17B}.Debug|Any CPU.Build.0 = Debug|Any CPU
		{3CECC6DC-03A1-43E1-B42A-AD86F4BCB17B}.Release|Any CPU.ActiveCfg = Release|Any CPU
		{3CECC6DC-03A1-43E1-B42A-AD86F4BCB17B}.Release|Any CPU.Build.0 = Release|Any CPU
		{EFB953AC-C0D3-428A-B68A-9E9A11B58DD3}.Debug|Any CPU.ActiveCfg = Debug|Any CPU
		{EFB953AC-C0D3-428A-B68A-9E9A11B58DD3}.Debug|Any CPU.Build.0 = Debug|Any CPU
		{EFB953AC-C0D3-428A-B68A-9E9A11B58DD3}.Release|Any CPU.ActiveCfg = Release|Any CPU
		{EFB953AC-C0D3-428A-B68A-9E9A11B58DD3}.Release|Any CPU.Build.0 = Release|Any CPU
	EndGlobalSection
	GlobalSection(SolutionProperties) = preSolution
		HideSolutionNode = FALSE
	EndGlobalSection
	GlobalSection(ExtensibilityGlobals) = postSolution
		SolutionGuid = {329F1B23-6BD0-4AD6-9E42-96B6A9D0EE7A}
	EndGlobalSection
EndGlobal
