
Microsoft Visual Studio Solution File, Format Version 12.00
# Visual Studio Version 16
VisualStudioVersion = 16.0.32413.511
MinimumVisualStudioVersion = 10.0.40219.1
Project("{FAE04EC0-301F-11D3-BF4B-00C04F79EFBC}") = "BlazorSwordDamage", "BlazorSwordDamage\BlazorSwordDamage.csproj", "{1EEA3CC1-8B24-4376-A264-669744AFDEB8}"
EndProject
Global
	GlobalSection(SolutionConfigurationPlatforms) = preSolution
		Debug|Any CPU = Debug|Any CPU
		Release|Any CPU = Release|Any CPU
	EndGlobalSection
	GlobalSection(ProjectConfigurationPlatforms) = postSolution
		{1EEA3CC1-8B24-4376-A264-669744AFDEB8}.Debug|Any CPU.ActiveCfg = Debug|Any CPU
		{1EEA3CC1-8B24-4376-A264-669744AFDEB8}.Debug|Any CPU.Build.0 = Debug|Any CPU
		{1EEA3CC1-8B24-4376-A264-669744AFDEB8}.Release|Any CPU.ActiveCfg = Release|Any CPU
		{1EEA3CC1-8B24-4376-A264-669744AFDEB8}.Release|Any CPU.Build.0 = Release|Any CPU
	EndGlobalSection
	GlobalSection(SolutionProperties) = preSolution
		HideSolutionNode = FALSE
	EndGlobalSection
	GlobalSection(ExtensibilityGlobals) = postSolution
		SolutionGuid = {8D22240B-E76B-4F45-A759-AAC343B7F55B}
	EndGlobalSection
EndGlobal
